// !$*UTF8*$!
{
	archiveVersion = 1;
	classes = {
	};
	objectVersion = 77;
	objects = {

/* Begin PBXContainerItemProxy section */
		779CE71C2EB45C4F00B60712 /* PBXContainerItemProxy */ = {
			isa = PBXContainerItemProxy;
			containerPortal = 779CE6FD2EB45C4E00B60712 /* Project object */;
			proxyType = 1;
			remoteGlobalIDString = 779CE7042EB45C4E00B60712;
			remoteInfo = "github-dem0";
		};
		779CE7262EB45C4F00B60712 /* PBXContainerItemProxy */ = {
			isa = PBXContainerItemProxy;
			containerPortal = 779CE6FD2EB45C4E00B60712 /* Project object */;
			proxyType = 1;
			remoteGlobalIDString = 779CE7042EB45C4E00B60712;
			remoteInfo = "github-dem0";
		};
/* End PBXContainerItemProxy section */

/* Begin PBXFileReference section */
		779CE7052EB45C4E00B60712 /* github-dem0.app */ = {isa = PBXFileReference; explicitFileType = wrapper.application; includeInIndex = 0; path = "github-dem0.app"; sourceTree = BUILT_PRODUCTS_DIR; };
		779CE71B2EB45C4F00B60712 /* github-dem0Tests.xctest */ = {isa = PBXFileReference; explicitFileType = wrapper.cfbundle; includeInIndex = 0; path = "github-dem0Tests.xctest"; sourceTree = BUILT_PRODUCTS_DIR; };
		779CE7252EB45C4F00B60712 /* github-dem0UITests.xctest */ = {isa = PBXFileReference; explicitFileType = wrapper.cfbundle; includeInIndex = 0; path = "github-dem0UITests.xctest"; sourceTree = BUILT_PRODUCTS_DIR; };
/* End PBXFileReference section */

/* Begin PBXFileSystemSynchronizedBuildFileExceptionSet section */
		779CE72D2EB45C4F00B60712 /* Exceptions for "github-dem0" folder in "github-dem0" target */ = {
			isa = PBXFileSystemSynchronizedBuildFileExceptionSet;
			membershipExceptions = (
				Info.plist,
			);
			target = 779CE7042EB45C4E00B60712 /* github-dem0 */;
		};
/* End PBXFileSystemSynchronizedBuildFileExceptionSet section */

/* Begin PBXFileSystemSynchronizedRootGroup section */
		779CE7072EB45C4E00B60712 /* github-dem0 */ = {
			isa = PBXFileSystemSynchronizedRootGroup;
			exceptions = (
				779CE72D2EB45C4F00B60712 /* Exceptions for "github-dem0" folder in "github-dem0" target */,
			);
			path = "github-dem0";
			sourceTree = "<group>";
		};
		779CE71E2EB45C4F00B60712 /* github-dem0Tests */ = {
			isa = PBXFileSystemSynchronizedRootGroup;
			path = "github-dem0Tests";
			sourceTree = "<group>";
		};
		779CE7282EB45C4F00B60712 /* github-dem0UITests */ = {
			isa = PBXFileSystemSynchronizedRootGroup;
			path = "github-dem0UITests";
			sourceTree = "<group>";
		};
/* End PBXFileSystemSynchronizedRootGroup section */

/* Begin PBXFrameworksBuildPhase section */
		779CE7022EB45C4E00B60712 /* Frameworks */ = {
			isa = PBXFrameworksBuildPhase;
			buildActionMask = 2147483647;
			files = (
			);
			runOnlyForDeploymentPostprocessing = 0;
		};
		779CE7182EB45C4F00B60712 /* Frameworks */ = {
			isa = PBXFrameworksBuildPhase;
			buildActionMask = 2147483647;
			files = (
			);
			runOnlyForDeploymentPostprocessing = 0;
		};
		779CE7222EB45C4F00B60712 /* Frameworks */ = {
			isa = PBXFrameworksBuildPhase;
			buildActionMask = 2147483647;
			files = (
			);
			runOnlyForDeploymentPostprocessing = 0;
		};
/* End PBXFrameworksBuildPhase section */

/* Begin PBXGroup section */
		779CE6FC2EB45C4E00B60712 = {
			isa = PBXGroup;
			children = (
				779CE7072EB45C4E00B60712 /* github-dem0 */,
				779CE71E2EB45C4F00B60712 /* github-dem0Tests */,
				779CE7282EB45C4F00B60712 /* github-dem0UITests */,
				779CE7062EB45C4E00B60712 /* Products */,
			);
			sourceTree = "<group>";
		};
		779CE7062EB45C4E00B60712 /* Products */ = {
			isa = PBXGroup;
			children = (
				779CE7052EB45C4E00B60712 /* github-dem0.app */,
				779CE71B2EB45C4F00B60712 /* github-dem0Tests.xctest */,
				779CE7252EB45C4F00B60712 /* github-dem0UITests.xctest */,
			);
			name = Products;
			sourceTree = "<group>";
		};
/* End PBXGroup section */

/* Begin PBXNativeTarget section */
		779CE7042EB45C4E00B60712 /* github-dem0 */ = {
			isa = PBXNativeTarget;
			buildConfigurationList = 779CE72E2EB45C4F00B60712 /* Build configuration list for PBXNativeTarget "github-dem0" */;
			buildPhases = (
				779CE7012EB45C4E00B60712 /* Sources */,
				779CE7022EB45C4E00B60712 /* Frameworks */,
				779CE7032EB45C4E00B60712 /* Resources */,
			);
			buildRules = (
			);
			dependencies = (
			);
			fileSystemSynchronizedGroups = (
				779CE7072EB45C4E00B60712 /* github-dem0 */,
			);
			name = "github-dem0";
			packageProductDependencies = (
			);
			productName = "github-dem0";
			productReference = 779CE7052EB45C4E00B60712 /* github-dem0.app */;
			productType = "com.apple.product-type.application";
		};
		779CE71A2EB45C4F00B60712 /* github-dem0Tests */ = {
			isa = PBXNativeTarget;
			buildConfigurationList = 779CE7332EB45C4F00B60712 /* Build configuration list for PBXNativeTarget "github-dem0Tests" */;
			buildPhases = (
				779CE7172EB45C4F00B60712 /* Sources */,
				779CE7182EB45C4F00B60712 /* Frameworks */,
				779CE7192EB45C4F00B60712 /* Resources */,
			);
			buildRules = (
			);
			dependencies = (
				779CE71D2EB45C4F00B60712 /* PBXTargetDependency */,
			);
			fileSystemSynchronizedGroups = (
				779CE71E2EB45C4F00B60712 /* github-dem0Tests */,
			);
			name = "github-dem0Tests";
			packageProductDependencies = (
			);
			productName = "github-dem0Tests";
			productReference = 779CE71B2EB45C4F00B60712 /* github-dem0Tests.xctest */;
			productType = "com.apple.product-type.bundle.unit-test";
		};
		779CE7242EB45C4F00B60712 /* github-dem0UITests */ = {
			isa = PBXNativeTarget;
			buildConfigurationList = 779CE7362EB45C4F00B60712 /* Build configuration list for PBXNativeTarget "github-dem0UITests" */;
			buildPhases = (
				779CE7212EB45C4F00B60712 /* Sources */,
				779CE7222EB45C4F00B60712 /* Frameworks */,
				779CE7232EB45C4F00B60712 /* Resources */,
			);
			buildRules = (
			);
			dependencies = (
				779CE7272EB45C4F00B60712 /* PBXTargetDependency */,
			);
			fileSystemSynchronizedGroups = (
				779CE7282EB45C4F00B60712 /* github-dem0UITests */,
			);
			name = "github-dem0UITests";
			packageProductDependencies = (
			);
			productName = "github-dem0UITests";
			productReference = 779CE7252EB45C4F00B60712 /* github-dem0UITests.xctest */;
			productType = "com.apple.product-type.bundle.ui-testing";
		};
/* End PBXNativeTarget section */

/* Begin PBXProject section */
		779CE6FD2EB45C4E00B60712 /* Project object */ = {
			isa = PBXProject;
			attributes = {
				BuildIndependentTargetsInParallel = 1;
				LastSwiftUpdateCheck = 1640;
				LastUpgradeCheck = 1640;
				TargetAttributes = {
					779CE7042EB45C4E00B60712 = {
						CreatedOnToolsVersion = 16.4;
					};
					779CE71A2EB45C4F00B60712 = {
						CreatedOnToolsVersion = 16.4;
						TestTargetID = 779CE7042EB45C4E00B60712;
					};
					779CE7242EB45C4F00B60712 = {
						CreatedOnToolsVersion = 16.4;
						TestTargetID = 779CE7042EB45C4E00B60712;
					};
				};
			};
			buildConfigurationList = 779CE7002EB45C4E00B60712 /* Build configuration list for PBXProject "github-dem0" */;
			developmentRegion = en;
			hasScannedForEncodings = 0;
			knownRegions = (
				en,
				Base,
			);
			mainGroup = 779CE6FC2EB45C4E00B60712;
			minimizedProjectReferenceProxies = 1;
			preferredProjectObjectVersion = 77;
			productRefGroup = 779CE7062EB45C4E00B60712 /* Products */;
			projectDirPath = "";
			projectRoot = "";
			targets = (
				779CE7042EB45C4E00B60712 /* github-dem0 */,
				779CE71A2EB45C4F00B60712 /* github-dem0Tests */,
				779CE7242EB45C4F00B60712 /* github-dem0UITests */,
			);
		};
/* End PBXProject section */

/* Begin PBXResourcesBuildPhase section */
		779CE7032EB45C4E00B60712 /* Resources */ = {
			isa = PBXResourcesBuildPhase;
			buildActionMask = 2147483647;
			files = (
			);
			runOnlyForDeploymentPostprocessing = 0;
		};
		779CE7192EB45C4F00B60712 /* Resources */ = {
			isa = PBXResourcesBuildPhase;
			buildActionMask = 2147483647;
			files = (
			);
			runOnlyForDeploymentPostprocessing = 0;
		};
		779CE7232EB45C4F00B60712 /* Resources */ = {
			isa = PBXResourcesBuildPhase;
			buildActionMask = 2147483647;
			files = (
			);
			runOnlyForDeploymentPostprocessing = 0;
		};
/* End PBXResourcesBuildPhase section */

/* Begin PBXSourcesBuildPhase section */
		779CE7012EB45C4E00B60712 /* Sources */ = {
			isa = PBXSourcesBuildPhase;
			buildActionMask = 2147483647;
			files = (
			);
			runOnlyForDeploymentPostprocessing = 0;
		};
		779CE7172EB45C4F00B60712 /* Sources */ = {
			isa = PBXSourcesBuildPhase;
			buildActionMask = 2147483647;
			files = (
			);
			runOnlyForDeploymentPostprocessing = 0;
		};
		779CE7212EB45C4F00B60712 /* Sources */ = {
			isa = PBXSourcesBuildPhase;
			buildActionMask = 2147483647;
			files = (
			);
			runOnlyForDeploymentPostprocessing = 0;
		};
/* End PBXSourcesBuildPhase section */

/* Begin PBXTargetDependency section */
		779CE71D2EB45C4F00B60712 /* PBXTargetDependency */ = {
			isa = PBXTargetDependency;
			target = 779CE7042EB45C4E00B60712 /* github-dem0 */;
			targetProxy = 779CE71C2EB45C4F00B60712 /* PBXContainerItemProxy */;
		};
		779CE7272EB45C4F00B60712 /* PBXTargetDependency */ = {
			isa = PBXTargetDependency;
			target = 779CE7042EB45C4E00B60712 /* github-dem0 */;
			targetProxy = 779CE7262EB45C4F00B60712 /* PBXContainerItemProxy */;
		};
/* End PBXTargetDependency section */

/* Begin XCBuildConfiguration section */
		779CE72F2EB45C4F00B60712 /* Debug */ = {
			isa = XCBuildConfiguration;
			buildSettings = {
				ASSETCATALOG_COMPILER_APPICON_NAME = AppIcon;
				ASSETCATALOG_COMPILER_GLOBAL_ACCENT_COLOR_NAME = AccentColor;
				CODE_SIGN_STYLE = Automatic;
				CURRENT_PROJECT_VERSION = 1;
				DEVELOPMENT_TEAM = T796PH6MZ3;
				GENERATE_INFOPLIST_FILE = YES;
				INFOPLIST_FILE = "github-dem0/Info.plist";
				INFOPLIST_KEY_UIApplicationSupportsIndirectInputEvents = YES;
				INFOPLIST_KEY_UILaunchStoryboardName = LaunchScreen;
				INFOPLIST_KEY_UIMainStoryboardFile = Main;
				INFOPLIST_KEY_UISupportedInterfaceOrientations_iPad = "UIInterfaceOrientationPortrait UIInterfaceOrientationPortraitUpsideDown UIInterfaceOrientationLandscapeLeft UIInterfaceOrientationLandscapeRight";
				INFOPLIST_KEY_UISupportedInterfaceOrientations_iPhone = "UIInterfaceOrientationPortrait UIInterfaceOrientationLandscapeLeft UIInterfaceOrientationLandscapeRight";
				LD_RUNPATH_SEARCH_PATHS = (
					"$(inherited)",
					"@executable_path/Frameworks",
				);
				MARKETING_VERSION = 1.0;
				PRODUCT_BUNDLE_IDENTIFIER = "com.andreamercy.github-dem0";
				PRODUCT_NAME = "$(TARGET_NAME)";
				SWIFT_EMIT_LOC_STRINGS = YES;
				SWIFT_VERSION = 5.0;
				TARGETED_DEVICE_FAMILY = "1,2";
			};
			name = Debug;
		};
		779CE7302EB45C4F00B60712 /* Release */ = {
			isa = XCBuildConfiguration;
			buildSettings = {
				ASSETCATALOG_COMPILER_APPICON_NAME = AppIcon;
				ASSETCATALOG_COMPILER_GLOBAL_ACCENT_COLOR_NAME = AccentColor;
				CODE_SIGN_STYLE = Automatic;
				CURRENT_PROJECT_VERSION = 1;
				DEVELOPMENT_TEAM = T796PH6MZ3;
				GENERATE_INFOPLIST_FILE = YES;
				INFOPLIST_FILE = "github-dem0/Info.plist";
				INFOPLIST_KEY_UIApplicationSupportsIndirectInputEvents = YES;
				INFOPLIST_KEY_UILaunchStoryboardName = LaunchScreen;
				INFOPLIST_KEY_UIMainStoryboardFile = Main;
				INFOPLIST_KEY_UISupportedInterfaceOrientations_iPad = "UIInterfaceOrientationPortrait UIInterfaceOrientationPortraitUpsideDown UIInterfaceOrientationLandscapeLeft UIInterfaceOrientationLandscapeRight";
				INFOPLIST_KEY_UISupportedInterfaceOrientations_iPhone = "UIInterfaceOrientationPortrait UIInterfaceOrientationLandscapeLeft UIInterfaceOrientationLandscapeRight";
				LD_RUNPATH_SEARCH_PATHS = (
					"$(inherited)",
					"@executable_path/Frameworks",
				);
				MARKETING_VERSION = 1.0;
				PRODUCT_BUNDLE_IDENTIFIER = "com.andreamercy.github-dem0";
				PRODUCT_NAME = "$(TARGET_NAME)";
				SWIFT_EMIT_LOC_STRINGS = YES;
				SWIFT_VERSION = 5.0;
				TARGETED_DEVICE_FAMILY = "1,2";
			};
			name = Release;
		};
		779CE7312EB45C4F00B60712 /* Debug */ = {
			isa = XCBuildConfiguration;
			buildSettings = {
				ALWAYS_SEARCH_USER_PATHS = NO;
				ASSETCATALOG_COMPILER_GENERATE_SWIFT_ASSET_SYMBOL_EXTENSIONS = YES;
				CLANG_ANALYZER_NONNULL = YES;
				CLANG_ANALYZER_NUMBER_OBJECT_CONVERSION = YES_AGGRESSIVE;
				CLANG_CXX_LANGUAGE_STANDARD = "gnu++20";
				CLANG_ENABLE_MODULES = YES;
				CLANG_ENABLE_OBJC_ARC = YES;
				CLANG_ENABLE_OBJC_WEAK = YES;
				CLANG_WARN_BLOCK_CAPTURE_AUTORELEASING = YES;
				CLANG_WARN_BOOL_CONVERSION = YES;
				CLANG_WARN_COMMA = YES;
				CLANG_WARN_CONSTANT_CONVERSION = YES;
				CLANG_WARN_DEPRECATED_OBJC_IMPLEMENTATIONS = YES;
				CLANG_WARN_DIRECT_OBJC_ISA_USAGE = YES_ERROR;
				CLANG_WARN_DOCUMENTATION_COMMENTS = YES;
				CLANG_WARN_EMPTY_BODY = YES;
				CLANG_WARN_ENUM_CONVERSION = YES;
				CLANG_WARN_INFINITE_RECURSION = YES;
				CLANG_WARN_INT_CONVERSION = YES;
				CLANG_WARN_NON_LITERAL_NULL_CONVERSION = YES;
				CLANG_WARN_OBJC_IMPLICIT_RETAIN_SELF = YES;
				CLANG_WARN_OBJC_LITERAL_CONVERSION = YES;
				CLANG_WARN_OBJC_ROOT_CLASS = YES_ERROR;
				CLANG_WARN_QUOTED_INCLUDE_IN_FRAMEWORK_HEADER = YES;
				CLANG_WARN_RANGE_LOOP_ANALYSIS = YES;
				CLANG_WARN_STRICT_PROTOTYPES = YES;
				CLANG_WARN_SUSPICIOUS_MOVE = YES;
				CLANG_WARN_UNGUARDED_AVAILABILITY = YES_AGGRESSIVE;
				CLANG_WARN_UNREACHABLE_CODE = YES;
				CLANG_WARN__DUPLICATE_METHOD_MATCH = YES;
				COPY_PHASE_STRIP = NO;
				DEBUG_INFORMATION_FORMAT = dwarf;
				DEVELOPMENT_TEAM = T796PH6MZ3;
				ENABLE_STRICT_OBJC_MSGSEND = YES;
				ENABLE_TESTABILITY = YES;
				ENABLE_USER_SCRIPT_SANDBOXING = YES;
				GCC_C_LANGUAGE_STANDARD = gnu17;
				GCC_DYNAMIC_NO_PIC = NO;
				GCC_NO_COMMON_BLOCKS = YES;
				GCC_OPTIMIZATION_LEVEL = 0;
				GCC_PREPROCESSOR_DEFINITIONS = (
					"DEBUG=1",
					"$(inherited)",
				);
				GCC_WARN_64_TO_32_BIT_CONVERSION = YES;
				GCC_WARN_ABOUT_RETURN_TYPE = YES_ERROR;
				GCC_WARN_UNDECLARED_SELECTOR = YES;
				GCC_WARN_UNINITIALIZED_AUTOS = YES_AGGRESSIVE;
				GCC_WARN_UNUSED_FUNCTION = YES;
				GCC_WARN_UNUSED_VARIABLE = YES;
				IPHONEOS_DEPLOYMENT_TARGET = 18.5;
				LOCALIZATION_PREFERS_STRING_CATALOGS = YES;
				MTL_ENABLE_DEBUG_INFO = INCLUDE_SOURCE;
				MTL_FAST_MATH = YES;
				ONLY_ACTIVE_ARCH = YES;
				SDKROOT = iphoneos;
				SWIFT_ACTIVE_COMPILATION_CONDITIONS = "DEBUG $(inherited)";
				SWIFT_OPTIMIZATION_LEVEL = "-Onone";
			};
			name = Debug;
		};
		779CE7322EB45C4F00B60712 /* Release */ = {
			isa = XCBuildConfiguration;
			buildSettings = {
				ALWAYS_SEARCH_USER_PATHS = NO;
				ASSETCATALOG_COMPILER_GENERATE_SWIFT_ASSET_SYMBOL_EXTENSIONS = YES;
				CLANG_ANALYZER_NONNULL = YES;
				CLANG_ANALYZER_NUMBER_OBJECT_CONVERSION = YES_AGGRESSIVE;
				CLANG_CXX_LANGUAGE_STANDARD = "gnu++20";
				CLANG_ENABLE_MODULES = YES;
				CLANG_ENABLE_OBJC_ARC = YES;
				CLANG_ENABLE_OBJC_WEAK = YES;
				CLANG_WARN_BLOCK_CAPTURE_AUTORELEASING = YES;
				CLANG_WARN_BOOL_CONVERSION = YES;
				CLANG_WARN_COMMA = YES;
				CLANG_WARN_CONSTANT_CONVERSION = YES;
				CLANG_WARN_DEPRECATED_OBJC_IMPLEMENTATIONS = YES;
				CLANG_WARN_DIRECT_OBJC_ISA_USAGE = YES_ERROR;
				CLANG_WARN_DOCUMENTATION_COMMENTS = YES;
				CLANG_WARN_EMPTY_BODY = YES;
				CLANG_WARN_ENUM_CONVERSION = YES;
				CLANG_WARN_INFINITE_RECURSION = YES;
				CLANG_WARN_INT_CONVERSION = YES;
				CLANG_WARN_NON_LITERAL_NULL_CONVERSION = YES;
				CLANG_WARN_OBJC_IMPLICIT_RETAIN_SELF = YES;
				CLANG_WARN_OBJC_LITERAL_CONVERSION = YES;
				CLANG_WARN_OBJC_ROOT_CLASS = YES_ERROR;
				CLANG_WARN_QUOTED_INCLUDE_IN_FRAMEWORK_HEADER = YES;
				CLANG_WARN_RANGE_LOOP_ANALYSIS = YES;
				CLANG_WARN_STRICT_PROTOTYPES = YES;
				CLANG_WARN_SUSPICIOUS_MOVE = YES;
				CLANG_WARN_UNGUARDED_AVAILABILITY = YES_AGGRESSIVE;
				CLANG_WARN_UNREACHABLE_CODE = YES;
				CLANG_WARN__DUPLICATE_METHOD_MATCH = YES;
				COPY_PHASE_STRIP = NO;
				DEBUG_INFORMATION_FORMAT = "dwarf-with-dsym";
				DEVELOPMENT_TEAM = T796PH6MZ3;
				ENABLE_NS_ASSERTIONS = NO;
				ENABLE_STRICT_OBJC_MSGSEND = YES;
				ENABLE_USER_SCRIPT_SANDBOXING = YES;
				GCC_C_LANGUAGE_STANDARD = gnu17;
				GCC_NO_COMMON_BLOCKS = YES;
				GCC_WARN_64_TO_32_BIT_CONVERSION = YES;
				GCC_WARN_ABOUT_RETURN_TYPE = YES_ERROR;
				GCC_WARN_UNDECLARED_SELECTOR = YES;
				GCC_WARN_UNINITIALIZED_AUTOS = YES_AGGRESSIVE;
				GCC_WARN_UNUSED_FUNCTION = YES;
				GCC_WARN_UNUSED_VARIABLE = YES;
				IPHONEOS_DEPLOYMENT_TARGET = 18.5;
				LOCALIZATION_PREFERS_STRING_CATALOGS = YES;
				MTL_ENABLE_DEBUG_INFO = NO;
				MTL_FAST_MATH = YES;
				SDKROOT = iphoneos;
				SWIFT_COMPILATION_MODE = wholemodule;
				VALIDATE_PRODUCT = YES;
			};
			name = Release;
		};
		779CE7342EB45C4F00B60712 /* Debug */ = {
			isa = XCBuildConfiguration;
			buildSettings = {
				BUNDLE_LOADER = "$(TEST_HOST)";
				CODE_SIGN_STYLE = Automatic;
				CURRENT_PROJECT_VERSION = 1;
				DEVELOPMENT_TEAM = T796PH6MZ3;
				GENERATE_INFOPLIST_FILE = YES;
				IPHONEOS_DEPLOYMENT_TARGET = 18.5;
				MARKETING_VERSION = 1.0;
				PRODUCT_BUNDLE_IDENTIFIER = "com.andreamercy.github-dem0Tests";
				PRODUCT_NAME = "$(TARGET_NAME)";
				SWIFT_EMIT_LOC_STRINGS = NO;
				SWIFT_VERSION = 5.0;
				TARGETED_DEVICE_FAMILY = "1,2";
				TEST_HOST = "$(BUILT_PRODUCTS_DIR)/github-dem0.app/$(BUNDLE_EXECUTABLE_FOLDER_PATH)/github-dem0";
			};
			name = Debug;
		};
		779CE7352EB45C4F00B60712 /* Release */ = {
			isa = XCBuildConfiguration;
			buildSettings = {
				BUNDLE_LOADER = "$(TEST_HOST)";
				CODE_SIGN_STYLE = Automatic;
				CURRENT_PROJECT_VERSION = 1;
				DEVELOPMENT_TEAM = T796PH6MZ3;
				GENERATE_INFOPLIST_FILE = YES;
				IPHONEOS_DEPLOYMENT_TARGET = 18.5;
				MARKETING_VERSION = 1.0;
				PRODUCT_BUNDLE_IDENTIFIER = "com.andreamercy.github-dem0Tests";
				PRODUCT_NAME = "$(TARGET_NAME)";
				SWIFT_EMIT_LOC_STRINGS = NO;
				SWIFT_VERSION = 5.0;
				TARGETED_DEVICE_FAMILY = "1,2";
				TEST_HOST = "$(BUILT_PRODUCTS_DIR)/github-dem0.app/$(BUNDLE_EXECUTABLE_FOLDER_PATH)/github-dem0";
			};
			name = Release;
		};
		779CE7372EB45C4F00B60712 /* Debug */ = {
			isa = XCBuildConfiguration;
			buildSettings = {
				CODE_SIGN_STYLE = Automatic;
				CURRENT_PROJECT_VERSION = 1;
				DEVELOPMENT_TEAM = T796PH6MZ3;
				GENERATE_INFOPLIST_FILE = YES;
				MARKETING_VERSION = 1.0;
				PRODUCT_BUNDLE_IDENTIFIER = "com.andreamercy.github-dem0UITests";
				PRODUCT_NAME = "$(TARGET_NAME)";
				SWIFT_EMIT_LOC_STRINGS = NO;
				SWIFT_VERSION = 5.0;
				TARGETED_DEVICE_FAMILY = "1,2";
				TEST_TARGET_NAME = "github-dem0";
			};
			name = Debug;
		};
		779CE7382EB45C4F00B60712 /* Release */ = {
			isa = XCBuildConfiguration;
			buildSettings = {
				CODE_SIGN_STYLE = Automatic;
				CURRENT_PROJECT_VERSION = 1;
				DEVELOPMENT_TEAM = T796PH6MZ3;
				GENERATE_INFOPLIST_FILE = YES;
				MARKETING_VERSION = 1.0;
				PRODUCT_BUNDLE_IDENTIFIER = "com.andreamercy.github-dem0UITests";
				PRODUCT_NAME = "$(TARGET_NAME)";
				SWIFT_EMIT_LOC_STRINGS = NO;
				SWIFT_VERSION = 5.0;
				TARGETED_DEVICE_FAMILY = "1,2";
				TEST_TARGET_NAME = "github-dem0";
			};
			name = Release;
		};
/* End XCBuildConfiguration section */

/* Begin XCConfigurationList section */
		779CE7002EB45C4E00B60712 /* Build configuration list for PBXProject "github-dem0" */ = {
			isa = XCConfigurationList;
			buildConfigurations = (
				779CE7312EB45C4F00B60712 /* Debug */,
				779CE7322EB45C4F00B60712 /* Release */,
			);
			defaultConfigurationIsVisible = 0;
			defaultConfigurationName = Release;
		};
		779CE72E2EB45C4F00B60712 /* Build configuration list for PBXNativeTarget "github-dem0" */ = {
			isa = XCConfigurationList;
			buildConfigurations = (
				779CE72F2EB45C4F00B60712 /* Debug */,
				779CE7302EB45C4F00B60712 /* Release */,
			);
			defaultConfigurationIsVisible = 0;
			defaultConfigurationName = Release;
		};
		779CE7332EB45C4F00B60712 /* Build configuration list for PBXNativeTarget "github-dem0Tests" */ = {
			isa = XCConfigurationList;
			buildConfigurations = (
				779CE7342EB45C4F00B60712 /* Debug */,
				779CE7352EB45C4F00B60712 /* Release */,
			);
			defaultConfigurationIsVisible = 0;
			defaultConfigurationName = Release;
		};
		779CE7362EB45C4F00B60712 /* Build configuration list for PBXNativeTarget "github-dem0UITests" */ = {
			isa = XCConfigurationList;
			buildConfigurations = (
				779CE7372EB45C4F00B60712 /* Debug */,
				779CE7382EB45C4F00B60712 /* Release */,
			);
			defaultConfigurationIsVisible = 0;
			defaultConfigurationName = Release;
		};
/* End XCConfigurationList section */
	};
	rootObject = 779CE6FD2EB45C4E00B60712 /* Project object */;
}
